
Microsoft Visual Studio Solution File, Format Version 12.00
# Visual Studio Version 17
VisualStudioVersion = 17.3.32804.467
MinimumVisualStudioVersion = 10.0.40219.1
Project("{FAE04EC0-301F-11D3-BF4B-00C04F79EFBC}") = "MtgJsonFetcher", "MtgJsonFetcher\MtgJsonFetcher.csproj", "{BEF8F175-1127-428C-A161-1FB1E5C57DE2}"
EndProject
Global
	GlobalSection(SolutionConfigurationPlatforms) = preSolution
		Debug|Any CPU = Debug|Any CPU
		Release|Any CPU = Release|Any CPU
	EndGlobalSection
	GlobalSection(ProjectConfigurationPlatforms) = postSolution
		{BEF8F175-1127-428C-A161-1FB1E5C57DE2}.Debug|Any CPU.ActiveCfg = Debug|Any CPU
		{BEF8F175-1127-428C-A161-1FB1E5C57DE2}.Debug|Any CPU.Build.0 = Debug|Any CPU
		{BEF8F175-1127-428C-A161-1FB1E5C57DE2}.Release|Any CPU.ActiveCfg = Release|Any CPU
		{BEF8F175-1127-428C-A161-1FB1E5C57DE2}.Release|Any CPU.Build.0 = Release|Any CPU
	EndGlobalSection
	GlobalSection(SolutionProperties) = preSolution
		HideSolutionNode = FALSE
	EndGlobalSection
	GlobalSection(ExtensibilityGlobals) = postSolution
		SolutionGuid = {3A1A99DE-C611-4E45-83C4-815332B03719}
	EndGlobalSection
EndGlobal
